// !$*UTF8*$!
{
	archiveVersion = 1;
	classes = {
	};
	objectVersion = 50;
	objects = {

/* Begin PBXBuildFile section */
		FA6DDF4825C9004100FA45A3 /* SettingView.swift in Sources */ = {isa = PBXBuildFile; fileRef = FA6DDF4725C9004100FA45A3 /* SettingView.swift */; };
		FAD2CC4F25C7A95900507379 /* AppDelegate.swift in Sources */ = {isa = PBXBuildFile; fileRef = FAD2CC4E25C7A95900507379 /* AppDelegate.swift */; };
		FAD2CC5125C7A95900507379 /* SceneDelegate.swift in Sources */ = {isa = PBXBuildFile; fileRef = FAD2CC5025C7A95900507379 /* SceneDelegate.swift */; };
		FAD2CC5325C7A95900507379 /* ContentView.swift in Sources */ = {isa = PBXBuildFile; fileRef = FAD2CC5225C7A95900507379 /* ContentView.swift */; };
		FAD2CC5525C7A96100507379 /* Assets.xcassets in Resources */ = {isa = PBXBuildFile; fileRef = FAD2CC5425C7A96100507379 /* Assets.xcassets */; };
		FAD2CC5825C7A96100507379 /* Preview Assets.xcassets in Resources */ = {isa = PBXBuildFile; fileRef = FAD2CC5725C7A96100507379 /* Preview Assets.xcassets */; };
		FAD2CC5B25C7A96100507379 /* LaunchScreen.storyboard in Resources */ = {isa = PBXBuildFile; fileRef = FAD2CC5925C7A96100507379 /* LaunchScreen.storyboard */; };
/* End PBXBuildFile section */

/* Begin PBXFileReference section */
		FA6DDF4725C9004100FA45A3 /* SettingView.swift */ = {isa = PBXFileReference; lastKnownFileType = sourcecode.swift; path = SettingView.swift; sourceTree = "<group>"; };
		FAD2CC4B25C7A95800507379 /* YoutubeUI.app */ = {isa = PBXFileReference; explicitFileType = wrapper.application; includeInIndex = 0; path = YoutubeUI.app; sourceTree = BUILT_PRODUCTS_DIR; };
		FAD2CC4E25C7A95900507379 /* AppDelegate.swift */ = {isa = PBXFileReference; lastKnownFileType = sourcecode.swift; path = AppDelegate.swift; sourceTree = "<group>"; };
		FAD2CC5025C7A95900507379 /* SceneDelegate.swift */ = {isa = PBXFileReference; lastKnownFileType = sourcecode.swift; path = SceneDelegate.swift; sourceTree = "<group>"; };
		FAD2CC5225C7A95900507379 /* ContentView.swift */ = {isa = PBXFileReference; lastKnownFileType = sourcecode.swift; path = ContentView.swift; sourceTree = "<group>"; };
		FAD2CC5425C7A96100507379 /* Assets.xcassets */ = {isa = PBXFileReference; lastKnownFileType = folder.assetcatalog; path = Assets.xcassets; sourceTree = "<group>"; };
		FAD2CC5725C7A96100507379 /* Preview Assets.xcassets */ = {isa = PBXFileReference; lastKnownFileType = folder.assetcatalog; path = "Preview Assets.xcassets"; sourceTree = "<group>"; };
		FAD2CC5A25C7A96100507379 /* Base */ = {isa = PBXFileReference; lastKnownFileType = file.storyboard; name = Base; path = Base.lproj/LaunchScreen.storyboard; sourceTree = "<group>"; };
		FAD2CC5C25C7A96100507379 /* Info.plist */ = {isa = PBXFileReference; lastKnownFileType = text.plist.xml; path = Info.plist; sourceTree = "<group>"; };
/* End PBXFileReference section */

/* Begin PBXFrameworksBuildPhase section */
		FAD2CC4825C7A95800507379 /* Frameworks */ = {
			isa = PBXFrameworksBuildPhase;
			buildActionMask = 2147483647;
			files = (
			);
			runOnlyForDeploymentPostprocessing = 0;
		};
/* End PBXFrameworksBuildPhase section */

/* Begin PBXGroup section */
		FAD2CC4225C7A95800507379 = {
			isa = PBXGroup;
			children = (
				FAD2CC4D25C7A95800507379 /* YoutubeUI */,
				FAD2CC4C25C7A95800507379 /* Products */,
			);
			sourceTree = "<group>";
		};
		FAD2CC4C25C7A95800507379 /* Products */ = {
			isa = PBXGroup;
			children = (
				FAD2CC4B25C7A95800507379 /* YoutubeUI.app */,
			);
			name = Products;
			sourceTree = "<group>";
		};
		FAD2CC4D25C7A95800507379 /* YoutubeUI */ = {
			isa = PBXGroup;
			children = (
				FAD2CC4E25C7A95900507379 /* AppDelegate.swift */,
				FAD2CC5025C7A95900507379 /* SceneDelegate.swift */,
				FAD2CC5225C7A95900507379 /* ContentView.swift */,
				FAD2CC5425C7A96100507379 /* Assets.xcassets */,
				FAD2CC5925C7A96100507379 /* LaunchScreen.storyboard */,
				FAD2CC5C25C7A96100507379 /* Info.plist */,
				FAD2CC5625C7A96100507379 /* Preview Content */,
				FA6DDF4725C9004100FA45A3 /* SettingView.swift */,
			);
			path = YoutubeUI;
			sourceTree = "<group>";
		};
		FAD2CC5625C7A96100507379 /* Preview Content */ = {
			isa = PBXGroup;
			children = (
				FAD2CC5725C7A96100507379 /* Preview Assets.xcassets */,
			);
			path = "Preview Content";
			sourceTree = "<group>";
		};
/* End PBXGroup section */

/* Begin PBXNativeTarget section */
		FAD2CC4A25C7A95800507379 /* YoutubeUI */ = {
			isa = PBXNativeTarget;
			buildConfigurationList = FAD2CC5F25C7A96100507379 /* Build configuration list for PBXNativeTarget "YoutubeUI" */;
			buildPhases = (
				FAD2CC4725C7A95800507379 /* Sources */,
				FAD2CC4825C7A95800507379 /* Frameworks */,
				FAD2CC4925C7A95800507379 /* Resources */,
			);
			buildRules = (
			);
			dependencies = (
			);
			name = YoutubeUI;
			productName = YoutubeUI;
			productReference = FAD2CC4B25C7A95800507379 /* YoutubeUI.app */;
			productType = "com.apple.product-type.application";
		};
/* End PBXNativeTarget section */

/* Begin PBXProject section */
		FAD2CC4325C7A95800507379 /* Project object */ = {
			isa = PBXProject;
			attributes = {
				LastSwiftUpdateCheck = 1210;
				LastUpgradeCheck = 1210;
				TargetAttributes = {
					FAD2CC4A25C7A95800507379 = {
						CreatedOnToolsVersion = 12.1;
					};
				};
			};
			buildConfigurationList = FAD2CC4625C7A95800507379 /* Build configuration list for PBXProject "YoutubeUI" */;
			compatibilityVersion = "Xcode 9.3";
			developmentRegion = en;
			hasScannedForEncodings = 0;
			knownRegions = (
				en,
				Base,
			);
			mainGroup = FAD2CC4225C7A95800507379;
			productRefGroup = FAD2CC4C25C7A95800507379 /* Products */;
			projectDirPath = "";
			projectRoot = "";
			targets = (
				FAD2CC4A25C7A95800507379 /* YoutubeUI */,
			);
		};
/* End PBXProject section */

/* Begin PBXResourcesBuildPhase section */
		FAD2CC4925C7A95800507379 /* Resources */ = {
			isa = PBXResourcesBuildPhase;
			buildActionMask = 2147483647;
			files = (
				FAD2CC5B25C7A96100507379 /* LaunchScreen.storyboard in Resources */,
				FAD2CC5825C7A96100507379 /* Preview Assets.xcassets in Resources */,
				FAD2CC5525C7A96100507379 /* Assets.xcassets in Resources */,
			);
			runOnlyForDeploymentPostprocessing = 0;
		};
/* End PBXResourcesBuildPhase section */

/* Begin PBXSourcesBuildPhase section */
		FAD2CC4725C7A95800507379 /* Sources */ = {
			isa = PBXSourcesBuildPhase;
			buildActionMask = 2147483647;
			files = (
				FAD2CC4F25C7A95900507379 /* AppDelegate.swift in Sources */,
				FA6DDF4825C9004100FA45A3 /* SettingView.swift in Sources */,
				FAD2CC5125C7A95900507379 /* SceneDelegate.swift in Sources */,
				FAD2CC5325C7A95900507379 /* ContentView.swift in Sources */,
			);
			runOnlyForDeploymentPostprocessing = 0;
		};
/* End PBXSourcesBuildPhase section */

/* Begin PBXVariantGroup section */
		FAD2CC5925C7A96100507379 /* LaunchScreen.storyboard */ = {
			isa = PBXVariantGroup;
			children = (
				FAD2CC5A25C7A96100507379 /* Base */,
			);
			name = LaunchScreen.storyboard;
			sourceTree = "<group>";
		};
/* End PBXVariantGroup section */

/* Begin XCBuildConfiguration section */
		FAD2CC5D25C7A96100507379 /* Debug */ = {
			isa = XCBuildConfiguration;
			buildSettings = {
				ALWAYS_SEARCH_USER_PATHS = NO;
				CLANG_ANALYZER_NONNULL = YES;
				CLANG_ANALYZER_NUMBER_OBJECT_CONVERSION = YES_AGGRESSIVE;
				CLANG_CXX_LANGUAGE_STANDARD = "gnu++14";
				CLANG_CXX_LIBRARY = "libc++";
				CLANG_ENABLE_MODULES = YES;
				CLANG_ENABLE_OBJC_ARC = YES;
				CLANG_ENABLE_OBJC_WEAK = YES;
				CLANG_WARN_BLOCK_CAPTURE_AUTORELEASING = YES;
				CLANG_WARN_BOOL_CONVERSION = YES;
				CLANG_WARN_COMMA = YES;
				CLANG_WARN_CONSTANT_CONVERSION = YES;
				CLANG_WARN_DEPRECATED_OBJC_IMPLEMENTATIONS = YES;
				CLANG_WARN_DIRECT_OBJC_ISA_USAGE = YES_ERROR;
				CLANG_WARN_DOCUMENTATION_COMMENTS = YES;
				CLANG_WARN_EMPTY_BODY = YES;
				CLANG_WARN_ENUM_CONVERSION = YES;
				CLANG_WARN_INFINITE_RECURSION = YES;
				CLANG_WARN_INT_CONVERSION = YES;
				CLANG_WARN_NON_LITERAL_NULL_CONVERSION = YES;
				CLANG_WARN_OBJC_IMPLICIT_RETAIN_SELF = YES;
				CLANG_WARN_OBJC_LITERAL_CONVERSION = YES;
				CLANG_WARN_OBJC_ROOT_CLASS = YES_ERROR;
				CLANG_WARN_QUOTED_INCLUDE_IN_FRAMEWORK_HEADER = YES;
				CLANG_WARN_RANGE_LOOP_ANALYSIS = YES;
				CLANG_WARN_STRICT_PROTOTYPES = YES;
				CLANG_WARN_SUSPICIOUS_MOVE = YES;
				CLANG_WARN_UNGUARDED_AVAILABILITY = YES_AGGRESSIVE;
				CLANG_WARN_UNREACHABLE_CODE = YES;
				CLANG_WARN__DUPLICATE_METHOD_MATCH = YES;
				COPY_PHASE_STRIP = NO;
				DEBUG_INFORMATION_FORMAT = dwarf;
				ENABLE_STRICT_OBJC_MSGSEND = YES;
				ENABLE_TESTABILITY = YES;
				GCC_C_LANGUAGE_STANDARD = gnu11;
				GCC_DYNAMIC_NO_PIC = NO;
				GCC_NO_COMMON_BLOCKS = YES;
				GCC_OPTIMIZATION_LEVEL = 0;
				GCC_PREPROCESSOR_DEFINITIONS = (
					"DEBUG=1",
					"$(inherited)",
				);
				GCC_WARN_64_TO_32_BIT_CONVERSION = YES;
				GCC_WARN_ABOUT_RETURN_TYPE = YES_ERROR;
				GCC_WARN_UNDECLARED_SELECTOR = YES;
				GCC_WARN_UNINITIALIZED_AUTOS = YES_AGGRESSIVE;
				GCC_WARN_UNUSED_FUNCTION = YES;
				GCC_WARN_UNUSED_VARIABLE = YES;
				IPHONEOS_DEPLOYMENT_TARGET = 14.1;
				MTL_ENABLE_DEBUG_INFO = INCLUDE_SOURCE;
				MTL_FAST_MATH = YES;
				ONLY_ACTIVE_ARCH = YES;
				SDKROOT = iphoneos;
				SWIFT_ACTIVE_COMPILATION_CONDITIONS = DEBUG;
				SWIFT_OPTIMIZATION_LEVEL = "-Onone";
			};
			name = Debug;
		};
		FAD2CC5E25C7A96100507379 /* Release */ = {
			isa = XCBuildConfiguration;
			buildSettings = {
				ALWAYS_SEARCH_USER_PATHS = NO;
				CLANG_ANALYZER_NONNULL = YES;
				CLANG_ANALYZER_NUMBER_OBJECT_CONVERSION = YES_AGGRESSIVE;
				CLANG_CXX_LANGUAGE_STANDARD = "gnu++14";
				CLANG_CXX_LIBRARY = "libc++";
				CLANG_ENABLE_MODULES = YES;
				CLANG_ENABLE_OBJC_ARC = YES;
				CLANG_ENABLE_OBJC_WEAK = YES;
				CLANG_WARN_BLOCK_CAPTURE_AUTORELEASING = YES;
				CLANG_WARN_BOOL_CONVERSION = YES;
				CLANG_WARN_COMMA = YES;
				CLANG_WARN_CONSTANT_CONVERSION = YES;
				CLANG_WARN_DEPRECATED_OBJC_IMPLEMENTATIONS = YES;
				CLANG_WARN_DIRECT_OBJC_ISA_USAGE = YES_ERROR;
				CLANG_WARN_DOCUMENTATION_COMMENTS = YES;
				CLANG_WARN_EMPTY_BODY = YES;
				CLANG_WARN_ENUM_CONVERSION = YES;
				CLANG_WARN_INFINITE_RECURSION = YES;
				CLANG_WARN_INT_CONVERSION = YES;
				CLANG_WARN_NON_LITERAL_NULL_CONVERSION = YES;
				CLANG_WARN_OBJC_IMPLICIT_RETAIN_SELF = YES;
				CLANG_WARN_OBJC_LITERAL_CONVERSION = YES;
				CLANG_WARN_OBJC_ROOT_CLASS = YES_ERROR;
				CLANG_WARN_QUOTED_INCLUDE_IN_FRAMEWORK_HEADER = YES;
				CLANG_WARN_RANGE_LOOP_ANALYSIS = YES;
				CLANG_WARN_STRICT_PROTOTYPES = YES;
				CLANG_WARN_SUSPICIOUS_MOVE = YES;
				CLANG_WARN_UNGUARDED_AVAILABILITY = YES_AGGRESSIVE;
				CLANG_WARN_UNREACHABLE_CODE = YES;
				CLANG_WARN__DUPLICATE_METHOD_MATCH = YES;
				COPY_PHASE_STRIP = NO;
				DEBUG_INFORMATION_FORMAT = "dwarf-with-dsym";
				ENABLE_NS_ASSERTIONS = NO;
				ENABLE_STRICT_OBJC_MSGSEND = YES;
				GCC_C_LANGUAGE_STANDARD = gnu11;
				GCC_NO_COMMON_BLOCKS = YES;
				GCC_WARN_64_TO_32_BIT_CONVERSION = YES;
				GCC_WARN_ABOUT_RETURN_TYPE = YES_ERROR;
				GCC_WARN_UNDECLARED_SELECTOR = YES;
				GCC_WARN_UNINITIALIZED_AUTOS = YES_AGGRESSIVE;
				GCC_WARN_UNUSED_FUNCTION = YES;
				GCC_WARN_UNUSED_VARIABLE = YES;
				IPHONEOS_DEPLOYMENT_TARGET = 14.1;
				MTL_ENABLE_DEBUG_INFO = NO;
				MTL_FAST_MATH = YES;
				SDKROOT = iphoneos;
				SWIFT_COMPILATION_MODE = wholemodule;
				SWIFT_OPTIMIZATION_LEVEL = "-O";
				VALIDATE_PRODUCT = YES;
			};
			name = Release;
		};
		FAD2CC6025C7A96100507379 /* Debug */ = {
			isa = XCBuildConfiguration;
			buildSettings = {
				ASSETCATALOG_COMPILER_APPICON_NAME = AppIcon;
				ASSETCATALOG_COMPILER_GLOBAL_ACCENT_COLOR_NAME = AccentColor;
				CODE_SIGN_STYLE = Automatic;
				DEVELOPMENT_ASSET_PATHS = "\"YoutubeUI/Preview Content\"";
				DEVELOPMENT_TEAM = AN5W2J2N2K;
				ENABLE_PREVIEWS = YES;
				INFOPLIST_FILE = YoutubeUI/Info.plist;
				LD_RUNPATH_SEARCH_PATHS = (
					"$(inherited)",
					"@executable_path/Frameworks",
				);
				PRODUCT_BUNDLE_IDENTIFIER = com.ahmadverel.YoutubeUI;
				PRODUCT_NAME = "$(TARGET_NAME)";
				SWIFT_VERSION = 5.0;
				TARGETED_DEVICE_FAMILY = "1,2";
			};
			name = Debug;
		};
		FAD2CC6125C7A96100507379 /* Release */ = {
			isa = XCBuildConfiguration;
			buildSettings = {
				ASSETCATALOG_COMPILER_APPICON_NAME = AppIcon;
				ASSETCATALOG_COMPILER_GLOBAL_ACCENT_COLOR_NAME = AccentColor;
				CODE_SIGN_STYLE = Automatic;
				DEVELOPMENT_ASSET_PATHS = "\"YoutubeUI/Preview Content\"";
				DEVELOPMENT_TEAM = AN5W2J2N2K;
				ENABLE_PREVIEWS = YES;
				INFOPLIST_FILE = YoutubeUI/Info.plist;
				LD_RUNPATH_SEARCH_PATHS = (
					"$(inherited)",
					"@executable_path/Frameworks",
				);
				PRODUCT_BUNDLE_IDENTIFIER = com.ahmadverel.YoutubeUI;
				PRODUCT_NAME = "$(TARGET_NAME)";
				SWIFT_VERSION = 5.0;
				TARGETED_DEVICE_FAMILY = "1,2";
			};
			name = Release;
		};
/* End XCBuildConfiguration section */

/* Begin XCConfigurationList section */
		FAD2CC4625C7A95800507379 /* Build configuration list for PBXProject "YoutubeUI" */ = {
			isa = XCConfigurationList;
			buildConfigurations = (
				FAD2CC5D25C7A96100507379 /* Debug */,
				FAD2CC5E25C7A96100507379 /* Release */,
			);
			defaultConfigurationIsVisible = 0;
			defaultConfigurationName = Release;
		};
		FAD2CC5F25C7A96100507379 /* Build configuration list for PBXNativeTarget "YoutubeUI" */ = {
			isa = XCConfigurationList;
			buildConfigurations = (
				FAD2CC6025C7A96100507379 /* Debug */,
				FAD2CC6125C7A96100507379 /* Release */,
			);
			defaultConfigurationIsVisible = 0;
			defaultConfigurationName = Release;
		};
/* End XCConfigurationList section */
	};
	rootObject = FAD2CC4325C7A95800507379 /* Project object */;
}
